
Microsoft Visual Studio Solution File, Format Version 12.00
# Visual Studio Version 16
VisualStudioVersion = 16.0.30717.126
MinimumVisualStudioVersion = 10.0.40219.1
Project("{FAE04EC0-301F-11D3-BF4B-00C04F79EFBC}") = "Users.API", "Users.API\Users.API.csproj", "{5CE3531F-E3A1-487C-A45D-12B6796A1BD0}"
EndProject
Global
	GlobalSection(SolutionConfigurationPlatforms) = preSolution
		Debug|Any CPU = Debug|Any CPU
		Release|Any CPU = Release|Any CPU
	EndGlobalSection
	GlobalSection(ProjectConfigurationPlatforms) = postSolution
		{5CE3531F-E3A1-487C-A45D-12B6796A1BD0}.Debug|Any CPU.ActiveCfg = Debug|Any CPU
		{5CE3531F-E3A1-487C-A45D-12B6796A1BD0}.Debug|Any CPU.Build.0 = Debug|Any CPU
		{5CE3531F-E3A1-487C-A45D-12B6796A1BD0}.Release|Any CPU.ActiveCfg = Release|Any CPU
		{5CE3531F-E3A1-487C-A45D-12B6796A1BD0}.Release|Any CPU.Build.0 = Release|Any CPU
	EndGlobalSection
	GlobalSection(SolutionProperties) = preSolution
		HideSolutionNode = FALSE
	EndGlobalSection
	GlobalSection(ExtensibilityGlobals) = postSolution
		SolutionGuid = {A55CAFD1-3FB2-4B90-8B83-EA599F5D7596}
	EndGlobalSection
EndGlobal
